<?xml version="1.0" encoding="utf-8"?>
<Project ToolsVersion="4.0" xmlns="http://schemas.microsoft.com/developer/msbuild/2003">
  <ItemGroup>
    <Filter Include="소스 파일">
      <UniqueIdentifier>{4FC737F1-C7A5-4376-A066-2A32D752A2FF}</UniqueIdentifier>
      <Extensions>cpp;c;cc;cxx;c++;cppm;ixx;def;odl;idl;hpj;bat;asm;asmx</Extensions>
    </Filter>
    <Filter Include="헤더 파일">
      <UniqueIdentifier>{93995380-89BD-4b04-88EB-625FBE52EBFB}</UniqueIdentifier>
      <Extensions>h;hh;hpp;hxx;h++;hm;inl;inc;ipp;xsd</Extensions>
    </Filter>
    <Filter Include="리소스 파일">
      <UniqueIdentifier>{67DA6AB6-F800-4c08-8B7A-83BB121AAD01}</UniqueIdentifier>
      <Extensions>rc;ico;cur;bmp;dlg;rc2;rct;bin;rgs;gif;jpg;jpeg;jpe;resx;tiff;tif;png;wav;mfcribbon-ms</Extensions>
    </Filter>
    <Filter Include="01. SceneMode">
      <UniqueIdentifier>{3e326f72-c98d-4f39-8cf3-5eab50bac787}</UniqueIdentifier>
    </Filter>
    <Filter Include="02. Object">
      <UniqueIdentifier>{c835ba0d-1a8c-45eb-a9a6-a9a005fdd931}</UniqueIdentifier>
    </Filter>
    <Filter Include="03. Animation2D">
      <UniqueIdentifier>{1ee23451-f2b4-430f-84af-20e361d56997}</UniqueIdentifier>
    </Filter>
    <Filter Include="03. Animation2D\01. Player">
      <UniqueIdentifier>{0a720324-7874-4a10-a67a-83caecfb6b1a}</UniqueIdentifier>
    </Filter>
    <Filter Include="04. UI">
      <UniqueIdentifier>{44f68ea1-cd6d-4893-9b6b-58a3d86a702d}</UniqueIdentifier>
    </Filter>
    <Filter Include="03. Animation2D\Image">
      <UniqueIdentifier>{b5e73618-8a3d-4c20-9a1d-67077e85976e}</UniqueIdentifier>
    </Filter>
    <Filter Include="MapGenerator">
      <UniqueIdentifier>{12f688f8-10d9-434f-936e-a7661d0f563d}</UniqueIdentifier>
    </Filter>
    <Filter Include="MapGenerator\Object">
      <UniqueIdentifier>{46a7e390-2120-4367-9ad8-591ece5e5cd0}</UniqueIdentifier>
    </Filter>
  </ItemGroup>
  <ItemGroup>
    <ClCompile Include="main.cpp">
      <Filter>소스 파일</Filter>
    </ClCompile>
    <ClCompile Include="SceneMode\MainScene.cpp">
      <Filter>01. SceneMode</Filter>
    </ClCompile>
    <ClCompile Include="ClientManager.cpp">
      <Filter>소스 파일</Filter>
    </ClCompile>
    <ClCompile Include="Object\Player2D.cpp">
      <Filter>02. Object</Filter>
    </ClCompile>
    <ClCompile Include="Object\Bullet.cpp">
      <Filter>02. Object</Filter>
    </ClCompile>
    <ClCompile Include="Animation2D\PlayerAnimation2D.cpp">
      <Filter>03. Animation2D\01. Player</Filter>
    </ClCompile>
    <ClCompile Include="Object\Monster.cpp">
      <Filter>02. Object</Filter>
    </ClCompile>
    <ClCompile Include="Object\Teemo.cpp">
      <Filter>02. Object</Filter>
    </ClCompile>
    <ClCompile Include="Object\PixelCollisionTest.cpp">
      <Filter>02. Object</Filter>
    </ClCompile>
    <ClCompile Include="Object\Particle2D.cpp">
      <Filter>02. Object</Filter>
    </ClCompile>
    <ClCompile Include="Object\TestParticle.cpp">
      <Filter>02. Object</Filter>
    </ClCompile>
    <ClCompile Include="Object\FlameEffect.cpp">
      <Filter>02. Object</Filter>
    </ClCompile>
    <ClCompile Include="UI\MainHUDWidget.cpp">
      <Filter>04. UI</Filter>
    </ClCompile>
    <ClCompile Include="UI\PlayerWorldInfoWidget.cpp">
      <Filter>04. UI</Filter>
    </ClCompile>
    <ClCompile Include="SceneMode\StartScene.cpp">
      <Filter>01. SceneMode</Filter>
    </ClCompile>
    <ClCompile Include="UI\StartHUDWidget.cpp">
      <Filter>04. UI</Filter>
    </ClCompile>
    <ClCompile Include="SceneMode\LoadingThread.cpp">
      <Filter>01. SceneMode</Filter>
    </ClCompile>
    <ClCompile Include="SceneMode\LoadingScene.cpp">
      <Filter>01. SceneMode</Filter>
    </ClCompile>
    <ClCompile Include="UI\LoadingUI.cpp">
      <Filter>04. UI</Filter>
    </ClCompile>
    <ClCompile Include="Object\MainMap.cpp">
      <Filter>02. Object</Filter>
    </ClCompile>
    <ClCompile Include="Object\ImageObject.cpp">
      <Filter>02. Object</Filter>
    </ClCompile>
    <ClCompile Include="Animation2D\Anim_Image.cpp">
      <Filter>03. Animation2D\Image</Filter>
    </ClCompile>
    <ClCompile Include="MapGenerator\MapGenerator.cpp">
      <Filter>MapGenerator</Filter>
    </ClCompile>
    <ClCompile Include="MapGenerator\IMapGenerator.cpp">
      <Filter>MapGenerator</Filter>
    </ClCompile>
    <ClCompile Include="MapGenerator\RandomMap.cpp">
      <Filter>MapGenerator\Object</Filter>
    </ClCompile>
    <ClCompile Include="MapGenerator\MapGeneratorManager.cpp">
      <Filter>MapGenerator</Filter>
    </ClCompile>
    <ClCompile Include="MapGenerator\TileFinder.cpp">
      <Filter>소스 파일</Filter>
    </ClCompile>
  </ItemGroup>
  <ItemGroup>
    <ClInclude Include="resource.h">
      <Filter>헤더 파일</Filter>
    </ClInclude>
    <ClInclude Include="SceneMode\MainScene.h">
      <Filter>01. SceneMode</Filter>
    </ClInclude>
    <ClInclude Include="ClientManager.h">
      <Filter>헤더 파일</Filter>
    </ClInclude>
    <ClInclude Include="Object\Player2D.h">
      <Filter>02. Object</Filter>
    </ClInclude>
    <ClInclude Include="Object\Bullet.h">
      <Filter>02. Object</Filter>
    </ClInclude>
    <ClInclude Include="Animation2D\PlayerAnimation2D.h">
      <Filter>03. Animation2D\01. Player</Filter>
    </ClInclude>
    <ClInclude Include="Object\Monster.h">
      <Filter>02. Object</Filter>
    </ClInclude>
    <ClInclude Include="Object\Teemo.h">
      <Filter>02. Object</Filter>
    </ClInclude>
    <ClInclude Include="Object\PixelCollisionTest.h">
      <Filter>02. Object</Filter>
    </ClInclude>
    <ClInclude Include="Object\Particle2D.h">
      <Filter>02. Object</Filter>
    </ClInclude>
    <ClInclude Include="Object\TestParticle.h">
      <Filter>02. Object</Filter>
    </ClInclude>
    <ClInclude Include="Object\FlameEffect.h">
      <Filter>02. Object</Filter>
    </ClInclude>
    <ClInclude Include="UI\MainHUDWidget.h">
      <Filter>04. UI</Filter>
    </ClInclude>
    <ClInclude Include="UI\PlayerWorldInfoWidget.h">
      <Filter>04. UI</Filter>
    </ClInclude>
    <ClInclude Include="SceneMode\StartScene.h">
      <Filter>01. SceneMode</Filter>
    </ClInclude>
    <ClInclude Include="UI\StartHUDWidget.h">
      <Filter>04. UI</Filter>
    </ClInclude>
    <ClInclude Include="SceneMode\LoadingThread.h">
      <Filter>01. SceneMode</Filter>
    </ClInclude>
    <ClInclude Include="SceneMode\LoadingScene.h">
      <Filter>01. SceneMode</Filter>
    </ClInclude>
    <ClInclude Include="UI\LoadingUI.h">
      <Filter>04. UI</Filter>
    </ClInclude>
    <ClInclude Include="Object\MainMap.h">
      <Filter>02. Object</Filter>
    </ClInclude>
    <ClInclude Include="Object\ImageObject.h">
      <Filter>02. Object</Filter>
    </ClInclude>
    <ClInclude Include="Animation2D\Anim_Image.h">
      <Filter>03. Animation2D\Image</Filter>
    </ClInclude>
    <ClInclude Include="MapGenerator\MapGenerator.h">
      <Filter>MapGenerator</Filter>
    </ClInclude>
    <ClInclude Include="MapGenerator\IMapGenerator.h">
      <Filter>MapGenerator</Filter>
    </ClInclude>
    <ClInclude Include="MapGenerator\RandomMap.h">
      <Filter>MapGenerator\Object</Filter>
    </ClInclude>
    <ClInclude Include="MapGenerator\MapGeneratorManager.h">
      <Filter>MapGenerator</Filter>
    </ClInclude>
    <ClInclude Include="MapGenerator\TileFinder.h">
      <Filter>헤더 파일</Filter>
    </ClInclude>
  </ItemGroup>
  <ItemGroup>
    <ResourceCompile Include="Client2D.rc">
      <Filter>리소스 파일</Filter>
    </ResourceCompile>
  </ItemGroup>
  <ItemGroup>
    <Image Include="icon1.ico">
      <Filter>리소스 파일</Filter>
    </Image>
  </ItemGroup>
</Project>